
Microsoft Visual Studio Solution File, Format Version 12.00
# Visual Studio Version 17
VisualStudioVersion = 17.8.34408.163
MinimumVisualStudioVersion = 10.0.40219.1
Project("{9A19103F-16F7-4668-BE54-9A1E7A4F7556}") = "TheWaterProject", "TheWaterProject\TheWaterProject.csproj", "{866CFD0E-7FBE-4029-9D7B-D692995F9F7A}"
EndProject
Global
	GlobalSection(SolutionConfigurationPlatforms) = preSolution
		Debug|Any CPU = Debug|Any CPU
		Release|Any CPU = Release|Any CPU
	EndGlobalSection
	GlobalSection(ProjectConfigurationPlatforms) = postSolution
		{866CFD0E-7FBE-4029-9D7B-D692995F9F7A}.Debug|Any CPU.ActiveCfg = Debug|Any CPU
		{866CFD0E-7FBE-4029-9D7B-D692995F9F7A}.Debug|Any CPU.Build.0 = Debug|Any CPU
		{866CFD0E-7FBE-4029-9D7B-D692995F9F7A}.Release|Any CPU.ActiveCfg = Release|Any CPU
		{866CFD0E-7FBE-4029-9D7B-D692995F9F7A}.Release|Any CPU.Build.0 = Release|Any CPU
	EndGlobalSection
	GlobalSection(SolutionProperties) = preSolution
		HideSolutionNode = FALSE
	EndGlobalSection
	GlobalSection(ExtensibilityGlobals) = postSolution
		SolutionGuid = {49B1304C-F497-4679-B3C9-00338DB910B5}
	EndGlobalSection
EndGlobal
